# This file is automatically @generated by Cargo.
# It is not intended for manual editing.
version = 3

[[package]]
name = "fon"
version = "0.6.0"
source = "registry+https://github.com/rust-lang/crates.io-index"
checksum = "ad46a0e6c9bc688823a742aa969b5c08fdc56c2a436ee00d5c6fbcb5982c55c4"
dependencies = [
 "libm",
]

[[package]]
name = "libm"
version = "0.2.6"
source = "registry+https://github.com/rust-lang/crates.io-index"
checksum = "348108ab3fba42ec82ff6e9564fc4ca0247bdccdc68dd8af9764bbc79c3c8ffb"

[[package]]
name = "terminal-alarm"
version = "1.0.0"
dependencies = [
 "fon",
 "twang",
]

[[package]]
name = "twang"
version = "0.9.0"
source = "registry+https://github.com/rust-lang/crates.io-index"
checksum = "d1e48cc01a4417b829f84bd6b40a8331ae00dacd3c53e83e7fba2eca08837f0d"
dependencies = [
 "fon",
 "libm",
]
